
Microsoft Visual Studio Solution File, Format Version 12.00
# Visual Studio Version 17
VisualStudioVersion = 17.1.32228.430
MinimumVisualStudioVersion = 10.0.40219.1
Project("{FAE04EC0-301F-11D3-BF4B-00C04F79EFBC}") = "MyCSV", "MyCSV.csproj", "{324F9B29-3CC0-4475-92CC-3CB63E1B79B5}"
EndProject
Global
	GlobalSection(SolutionConfigurationPlatforms) = preSolution
		Debug|Any CPU = Debug|Any CPU
		Release|Any CPU = Release|Any CPU
	EndGlobalSection
	GlobalSection(ProjectConfigurationPlatforms) = postSolution
		{324F9B29-3CC0-4475-92CC-3CB63E1B79B5}.Debug|Any CPU.ActiveCfg = Debug|Any CPU
		{324F9B29-3CC0-4475-92CC-3CB63E1B79B5}.Debug|Any CPU.Build.0 = Debug|Any CPU
		{324F9B29-3CC0-4475-92CC-3CB63E1B79B5}.Release|Any CPU.ActiveCfg = Release|Any CPU
		{324F9B29-3CC0-4475-92CC-3CB63E1B79B5}.Release|Any CPU.Build.0 = Release|Any CPU
	EndGlobalSection
	GlobalSection(SolutionProperties) = preSolution
		HideSolutionNode = FALSE
	EndGlobalSection
	GlobalSection(ExtensibilityGlobals) = postSolution
		SolutionGuid = {20A1A759-9437-49C1-88D8-1DB54AA0D4FD}
	EndGlobalSection
EndGlobal
